// !$*UTF8*$!
{
	archiveVersion = 1;
	classes = {
	};
	objectVersion = 56;
	objects = {

/* Begin PBXBuildFile section */
		42FA02CB29E1D6A100473188 /* enabledApp.swift in Sources */ = {isa = PBXBuildFile; fileRef = 42FA02CA29E1D6A100473188 /* enabledApp.swift */; };
		42FA02CD29E1D6A100473188 /* ContentView.swift in Sources */ = {isa = PBXBuildFile; fileRef = 42FA02CC29E1D6A100473188 /* ContentView.swift */; };
		42FA02CF29E1D6A300473188 /* Assets.xcassets in Resources */ = {isa = PBXBuildFile; fileRef = 42FA02CE29E1D6A300473188 /* Assets.xcassets */; };
		42FA02D229E1D6A300473188 /* Preview Assets.xcassets in Resources */ = {isa = PBXBuildFile; fileRef = 42FA02D129E1D6A300473188 /* Preview Assets.xcassets */; };
		42FA02DC29E1D6A300473188 /* enabledTests.swift in Sources */ = {isa = PBXBuildFile; fileRef = 42FA02DB29E1D6A300473188 /* enabledTests.swift */; };
		42FA02E629E1D6A400473188 /* enabledUITests.swift in Sources */ = {isa = PBXBuildFile; fileRef = 42FA02E529E1D6A400473188 /* enabledUITests.swift */; };
		42FA02E829E1D6A400473188 /* enabledUITestsLaunchTests.swift in Sources */ = {isa = PBXBuildFile; fileRef = 42FA02E729E1D6A400473188 /* enabledUITestsLaunchTests.swift */; };
/* End PBXBuildFile section */

/* Begin PBXContainerItemProxy section */
		42FA02D829E1D6A300473188 /* PBXContainerItemProxy */ = {
			isa = PBXContainerItemProxy;
			containerPortal = 42FA02BF29E1D6A100473188 /* Project object */;
			proxyType = 1;
			remoteGlobalIDString = 42FA02C629E1D6A100473188;
			remoteInfo = enabled;
		};
		42FA02E229E1D6A300473188 /* PBXContainerItemProxy */ = {
			isa = PBXContainerItemProxy;
			containerPortal = 42FA02BF29E1D6A100473188 /* Project object */;
			proxyType = 1;
			remoteGlobalIDString = 42FA02C629E1D6A100473188;
			remoteInfo = enabled;
		};
/* End PBXContainerItemProxy section */

/* Begin PBXFileReference section */
		42FA02C729E1D6A100473188 /* enabled.app */ = {isa = PBXFileReference; explicitFileType = wrapper.application; includeInIndex = 0; path = enabled.app; sourceTree = BUILT_PRODUCTS_DIR; };
		42FA02CA29E1D6A100473188 /* enabledApp.swift */ = {isa = PBXFileReference; lastKnownFileType = sourcecode.swift; path = enabledApp.swift; sourceTree = "<group>"; };
		42FA02CC29E1D6A100473188 /* ContentView.swift */ = {isa = PBXFileReference; lastKnownFileType = sourcecode.swift; path = ContentView.swift; sourceTree = "<group>"; };
		42FA02CE29E1D6A300473188 /* Assets.xcassets */ = {isa = PBXFileReference; lastKnownFileType = folder.assetcatalog; path = Assets.xcassets; sourceTree = "<group>"; };
		42FA02D129E1D6A300473188 /* Preview Assets.xcassets */ = {isa = PBXFileReference; lastKnownFileType = folder.assetcatalog; path = "Preview Assets.xcassets"; sourceTree = "<group>"; };
		42FA02D729E1D6A300473188 /* enabledTests.xctest */ = {isa = PBXFileReference; explicitFileType = wrapper.cfbundle; includeInIndex = 0; path = enabledTests.xctest; sourceTree = BUILT_PRODUCTS_DIR; };
		42FA02DB29E1D6A300473188 /* enabledTests.swift */ = {isa = PBXFileReference; lastKnownFileType = sourcecode.swift; path = enabledTests.swift; sourceTree = "<group>"; };
		42FA02E129E1D6A300473188 /* enabledUITests.xctest */ = {isa = PBXFileReference; explicitFileType = wrapper.cfbundle; includeInIndex = 0; path = enabledUITests.xctest; sourceTree = BUILT_PRODUCTS_DIR; };
		42FA02E529E1D6A400473188 /* enabledUITests.swift */ = {isa = PBXFileReference; lastKnownFileType = sourcecode.swift; path = enabledUITests.swift; sourceTree = "<group>"; };
		42FA02E729E1D6A400473188 /* enabledUITestsLaunchTests.swift */ = {isa = PBXFileReference; lastKnownFileType = sourcecode.swift; path = enabledUITestsLaunchTests.swift; sourceTree = "<group>"; };
/* End PBXFileReference section */

/* Begin PBXFrameworksBuildPhase section */
		42FA02C429E1D6A100473188 /* Frameworks */ = {
			isa = PBXFrameworksBuildPhase;
			buildActionMask = 2147483647;
			files = (
			);
			runOnlyForDeploymentPostprocessing = 0;
		};
		42FA02D429E1D6A300473188 /* Frameworks */ = {
			isa = PBXFrameworksBuildPhase;
			buildActionMask = 2147483647;
			files = (
			);
			runOnlyForDeploymentPostprocessing = 0;
		};
		42FA02DE29E1D6A300473188 /* Frameworks */ = {
			isa = PBXFrameworksBuildPhase;
			buildActionMask = 2147483647;
			files = (
			);
			runOnlyForDeploymentPostprocessing = 0;
		};
/* End PBXFrameworksBuildPhase section */

/* Begin PBXGroup section */
		42FA02BE29E1D6A100473188 = {
			isa = PBXGroup;
			children = (
				42FA02C929E1D6A100473188 /* enabled */,
				42FA02DA29E1D6A300473188 /* enabledTests */,
				42FA02E429E1D6A400473188 /* enabledUITests */,
				42FA02C829E1D6A100473188 /* Products */,
			);
			sourceTree = "<group>";
		};
		42FA02C829E1D6A100473188 /* Products */ = {
			isa = PBXGroup;
			children = (
				42FA02C729E1D6A100473188 /* enabled.app */,
				42FA02D729E1D6A300473188 /* enabledTests.xctest */,
				42FA02E129E1D6A300473188 /* enabledUITests.xctest */,
			);
			name = Products;
			sourceTree = "<group>";
		};
		42FA02C929E1D6A100473188 /* enabled */ = {
			isa = PBXGroup;
			children = (
				42FA02CA29E1D6A100473188 /* enabledApp.swift */,
				42FA02CC29E1D6A100473188 /* ContentView.swift */,
				42FA02CE29E1D6A300473188 /* Assets.xcassets */,
				42FA02D029E1D6A300473188 /* Preview Content */,
			);
			path = enabled;
			sourceTree = "<group>";
		};
		42FA02D029E1D6A300473188 /* Preview Content */ = {
			isa = PBXGroup;
			children = (
				42FA02D129E1D6A300473188 /* Preview Assets.xcassets */,
			);
			path = "Preview Content";
			sourceTree = "<group>";
		};
		42FA02DA29E1D6A300473188 /* enabledTests */ = {
			isa = PBXGroup;
			children = (
				42FA02DB29E1D6A300473188 /* enabledTests.swift */,
			);
			path = enabledTests;
			sourceTree = "<group>";
		};
		42FA02E429E1D6A400473188 /* enabledUITests */ = {
			isa = PBXGroup;
			children = (
				42FA02E529E1D6A400473188 /* enabledUITests.swift */,
				42FA02E729E1D6A400473188 /* enabledUITestsLaunchTests.swift */,
			);
			path = enabledUITests;
			sourceTree = "<group>";
		};
/* End PBXGroup section */

/* Begin PBXNativeTarget section */
		42FA02C629E1D6A100473188 /* enabled */ = {
			isa = PBXNativeTarget;
			buildConfigurationList = 42FA02EB29E1D6A400473188 /* Build configuration list for PBXNativeTarget "enabled" */;
			buildPhases = (
				42FA02C329E1D6A100473188 /* Sources */,
				42FA02C429E1D6A100473188 /* Frameworks */,
				42FA02C529E1D6A100473188 /* Resources */,
			);
			buildRules = (
			);
			dependencies = (
			);
			name = enabled;
			productName = enabled;
			productReference = 42FA02C729E1D6A100473188 /* enabled.app */;
			productType = "com.apple.product-type.application";
		};
		42FA02D629E1D6A300473188 /* enabledTests */ = {
			isa = PBXNativeTarget;
			buildConfigurationList = 42FA02EE29E1D6A400473188 /* Build configuration list for PBXNativeTarget "enabledTests" */;
			buildPhases = (
				42FA02D329E1D6A300473188 /* Sources */,
				42FA02D429E1D6A300473188 /* Frameworks */,
				42FA02D529E1D6A300473188 /* Resources */,
			);
			buildRules = (
			);
			dependencies = (
				42FA02D929E1D6A300473188 /* PBXTargetDependency */,
			);
			name = enabledTests;
			productName = enabledTests;
			productReference = 42FA02D729E1D6A300473188 /* enabledTests.xctest */;
			productType = "com.apple.product-type.bundle.unit-test";
		};
		42FA02E029E1D6A300473188 /* enabledUITests */ = {
			isa = PBXNativeTarget;
			buildConfigurationList = 42FA02F129E1D6A400473188 /* Build configuration list for PBXNativeTarget "enabledUITests" */;
			buildPhases = (
				42FA02DD29E1D6A300473188 /* Sources */,
				42FA02DE29E1D6A300473188 /* Frameworks */,
				42FA02DF29E1D6A300473188 /* Resources */,
			);
			buildRules = (
			);
			dependencies = (
				42FA02E329E1D6A300473188 /* PBXTargetDependency */,
			);
			name = enabledUITests;
			productName = enabledUITests;
			productReference = 42FA02E129E1D6A300473188 /* enabledUITests.xctest */;
			productType = "com.apple.product-type.bundle.ui-testing";
		};
/* End PBXNativeTarget section */

/* Begin PBXProject section */
		42FA02BF29E1D6A100473188 /* Project object */ = {
			isa = PBXProject;
			attributes = {
				BuildIndependentTargetsInParallel = 1;
				LastSwiftUpdateCheck = 1420;
				LastUpgradeCheck = 1420;
				TargetAttributes = {
					42FA02C629E1D6A100473188 = {
						CreatedOnToolsVersion = 14.2;
					};
					42FA02D629E1D6A300473188 = {
						CreatedOnToolsVersion = 14.2;
						TestTargetID = 42FA02C629E1D6A100473188;
					};
					42FA02E029E1D6A300473188 = {
						CreatedOnToolsVersion = 14.2;
						TestTargetID = 42FA02C629E1D6A100473188;
					};
				};
			};
			buildConfigurationList = 42FA02C229E1D6A100473188 /* Build configuration list for PBXProject "enabled" */;
			compatibilityVersion = "Xcode 14.0";
			developmentRegion = en;
			hasScannedForEncodings = 0;
			knownRegions = (
				en,
				Base,
			);
			mainGroup = 42FA02BE29E1D6A100473188;
			productRefGroup = 42FA02C829E1D6A100473188 /* Products */;
			projectDirPath = "";
			projectRoot = "";
			targets = (
				42FA02C629E1D6A100473188 /* enabled */,
				42FA02D629E1D6A300473188 /* enabledTests */,
				42FA02E029E1D6A300473188 /* enabledUITests */,
			);
		};
/* End PBXProject section */

/* Begin PBXResourcesBuildPhase section */
		42FA02C529E1D6A100473188 /* Resources */ = {
			isa = PBXResourcesBuildPhase;
			buildActionMask = 2147483647;
			files = (
				42FA02D229E1D6A300473188 /* Preview Assets.xcassets in Resources */,
				42FA02CF29E1D6A300473188 /* Assets.xcassets in Resources */,
			);
			runOnlyForDeploymentPostprocessing = 0;
		};
		42FA02D529E1D6A300473188 /* Resources */ = {
			isa = PBXResourcesBuildPhase;
			buildActionMask = 2147483647;
			files = (
			);
			runOnlyForDeploymentPostprocessing = 0;
		};
		42FA02DF29E1D6A300473188 /* Resources */ = {
			isa = PBXResourcesBuildPhase;
			buildActionMask = 2147483647;
			files = (
			);
			runOnlyForDeploymentPostprocessing = 0;
		};
/* End PBXResourcesBuildPhase section */

/* Begin PBXSourcesBuildPhase section */
		42FA02C329E1D6A100473188 /* Sources */ = {
			isa = PBXSourcesBuildPhase;
			buildActionMask = 2147483647;
			files = (
				42FA02CD29E1D6A100473188 /* ContentView.swift in Sources */,
				42FA02CB29E1D6A100473188 /* enabledApp.swift in Sources */,
			);
			runOnlyForDeploymentPostprocessing = 0;
		};
		42FA02D329E1D6A300473188 /* Sources */ = {
			isa = PBXSourcesBuildPhase;
			buildActionMask = 2147483647;
			files = (
				42FA02DC29E1D6A300473188 /* enabledTests.swift in Sources */,
			);
			runOnlyForDeploymentPostprocessing = 0;
		};
		42FA02DD29E1D6A300473188 /* Sources */ = {
			isa = PBXSourcesBuildPhase;
			buildActionMask = 2147483647;
			files = (
				42FA02E829E1D6A400473188 /* enabledUITestsLaunchTests.swift in Sources */,
				42FA02E629E1D6A400473188 /* enabledUITests.swift in Sources */,
			);
			runOnlyForDeploymentPostprocessing = 0;
		};
/* End PBXSourcesBuildPhase section */

/* Begin PBXTargetDependency section */
		42FA02D929E1D6A300473188 /* PBXTargetDependency */ = {
			isa = PBXTargetDependency;
			target = 42FA02C629E1D6A100473188 /* enabled */;
			targetProxy = 42FA02D829E1D6A300473188 /* PBXContainerItemProxy */;
		};
		42FA02E329E1D6A300473188 /* PBXTargetDependency */ = {
			isa = PBXTargetDependency;
			target = 42FA02C629E1D6A100473188 /* enabled */;
			targetProxy = 42FA02E229E1D6A300473188 /* PBXContainerItemProxy */;
		};
/* End PBXTargetDependency section */

/* Begin XCBuildConfiguration section */
		42FA02E929E1D6A400473188 /* Debug */ = {
			isa = XCBuildConfiguration;
			buildSettings = {
				ALWAYS_SEARCH_USER_PATHS = NO;
				CLANG_ANALYZER_NONNULL = YES;
				CLANG_ANALYZER_NUMBER_OBJECT_CONVERSION = YES_AGGRESSIVE;
				CLANG_CXX_LANGUAGE_STANDARD = "gnu++20";
				CLANG_ENABLE_MODULES = YES;
				CLANG_ENABLE_OBJC_ARC = YES;
				CLANG_ENABLE_OBJC_WEAK = YES;
				CLANG_WARN_BLOCK_CAPTURE_AUTORELEASING = YES;
				CLANG_WARN_BOOL_CONVERSION = YES;
				CLANG_WARN_COMMA = YES;
				CLANG_WARN_CONSTANT_CONVERSION = YES;
				CLANG_WARN_DEPRECATED_OBJC_IMPLEMENTATIONS = YES;
				CLANG_WARN_DIRECT_OBJC_ISA_USAGE = YES_ERROR;
				CLANG_WARN_DOCUMENTATION_COMMENTS = YES;
				CLANG_WARN_EMPTY_BODY = YES;
				CLANG_WARN_ENUM_CONVERSION = YES;
				CLANG_WARN_INFINITE_RECURSION = YES;
				CLANG_WARN_INT_CONVERSION = YES;
				CLANG_WARN_NON_LITERAL_NULL_CONVERSION = YES;
				CLANG_WARN_OBJC_IMPLICIT_RETAIN_SELF = YES;
				CLANG_WARN_OBJC_LITERAL_CONVERSION = YES;
				CLANG_WARN_OBJC_ROOT_CLASS = YES_ERROR;
				CLANG_WARN_QUOTED_INCLUDE_IN_FRAMEWORK_HEADER = YES;
				CLANG_WARN_RANGE_LOOP_ANALYSIS = YES;
				CLANG_WARN_STRICT_PROTOTYPES = YES;
				CLANG_WARN_SUSPICIOUS_MOVE = YES;
				CLANG_WARN_UNGUARDED_AVAILABILITY = YES_AGGRESSIVE;
				CLANG_WARN_UNREACHABLE_CODE = YES;
				CLANG_WARN__DUPLICATE_METHOD_MATCH = YES;
				COPY_PHASE_STRIP = NO;
				DEBUG_INFORMATION_FORMAT = dwarf;
				ENABLE_STRICT_OBJC_MSGSEND = YES;
				ENABLE_TESTABILITY = YES;
				GCC_C_LANGUAGE_STANDARD = gnu11;
				GCC_DYNAMIC_NO_PIC = NO;
				GCC_NO_COMMON_BLOCKS = YES;
				GCC_OPTIMIZATION_LEVEL = 0;
				GCC_PREPROCESSOR_DEFINITIONS = (
					"DEBUG=1",
					"$(inherited)",
				);
				GCC_WARN_64_TO_32_BIT_CONVERSION = YES;
				GCC_WARN_ABOUT_RETURN_TYPE = YES_ERROR;
				GCC_WARN_UNDECLARED_SELECTOR = YES;
				GCC_WARN_UNINITIALIZED_AUTOS = YES_AGGRESSIVE;
				GCC_WARN_UNUSED_FUNCTION = YES;
				GCC_WARN_UNUSED_VARIABLE = YES;
				IPHONEOS_DEPLOYMENT_TARGET = 16.2;
				MTL_ENABLE_DEBUG_INFO = INCLUDE_SOURCE;
				MTL_FAST_MATH = YES;
				ONLY_ACTIVE_ARCH = YES;
				SDKROOT = iphoneos;
				SWIFT_ACTIVE_COMPILATION_CONDITIONS = DEBUG;
				SWIFT_OPTIMIZATION_LEVEL = "-Onone";
			};
			name = Debug;
		};
		42FA02EA29E1D6A400473188 /* Release */ = {
			isa = XCBuildConfiguration;
			buildSettings = {
				ALWAYS_SEARCH_USER_PATHS = NO;
				CLANG_ANALYZER_NONNULL = YES;
				CLANG_ANALYZER_NUMBER_OBJECT_CONVERSION = YES_AGGRESSIVE;
				CLANG_CXX_LANGUAGE_STANDARD = "gnu++20";
				CLANG_ENABLE_MODULES = YES;
				CLANG_ENABLE_OBJC_ARC = YES;
				CLANG_ENABLE_OBJC_WEAK = YES;
				CLANG_WARN_BLOCK_CAPTURE_AUTORELEASING = YES;
				CLANG_WARN_BOOL_CONVERSION = YES;
				CLANG_WARN_COMMA = YES;
				CLANG_WARN_CONSTANT_CONVERSION = YES;
				CLANG_WARN_DEPRECATED_OBJC_IMPLEMENTATIONS = YES;
				CLANG_WARN_DIRECT_OBJC_ISA_USAGE = YES_ERROR;
				CLANG_WARN_DOCUMENTATION_COMMENTS = YES;
				CLANG_WARN_EMPTY_BODY = YES;
				CLANG_WARN_ENUM_CONVERSION = YES;
				CLANG_WARN_INFINITE_RECURSION = YES;
				CLANG_WARN_INT_CONVERSION = YES;
				CLANG_WARN_NON_LITERAL_NULL_CONVERSION = YES;
				CLANG_WARN_OBJC_IMPLICIT_RETAIN_SELF = YES;
				CLANG_WARN_OBJC_LITERAL_CONVERSION = YES;
				CLANG_WARN_OBJC_ROOT_CLASS = YES_ERROR;
				CLANG_WARN_QUOTED_INCLUDE_IN_FRAMEWORK_HEADER = YES;
				CLANG_WARN_RANGE_LOOP_ANALYSIS = YES;
				CLANG_WARN_STRICT_PROTOTYPES = YES;
				CLANG_WARN_SUSPICIOUS_MOVE = YES;
				CLANG_WARN_UNGUARDED_AVAILABILITY = YES_AGGRESSIVE;
				CLANG_WARN_UNREACHABLE_CODE = YES;
				CLANG_WARN__DUPLICATE_METHOD_MATCH = YES;
				COPY_PHASE_STRIP = NO;
				DEBUG_INFORMATION_FORMAT = "dwarf-with-dsym";
				ENABLE_NS_ASSERTIONS = NO;
				ENABLE_STRICT_OBJC_MSGSEND = YES;
				GCC_C_LANGUAGE_STANDARD = gnu11;
				GCC_NO_COMMON_BLOCKS = YES;
				GCC_WARN_64_TO_32_BIT_CONVERSION = YES;
				GCC_WARN_ABOUT_RETURN_TYPE = YES_ERROR;
				GCC_WARN_UNDECLARED_SELECTOR = YES;
				GCC_WARN_UNINITIALIZED_AUTOS = YES_AGGRESSIVE;
				GCC_WARN_UNUSED_FUNCTION = YES;
				GCC_WARN_UNUSED_VARIABLE = YES;
				IPHONEOS_DEPLOYMENT_TARGET = 16.2;
				MTL_ENABLE_DEBUG_INFO = NO;
				MTL_FAST_MATH = YES;
				SDKROOT = iphoneos;
				SWIFT_COMPILATION_MODE = wholemodule;
				SWIFT_OPTIMIZATION_LEVEL = "-O";
				VALIDATE_PRODUCT = YES;
			};
			name = Release;
		};
		42FA02EC29E1D6A400473188 /* Debug */ = {
			isa = XCBuildConfiguration;
			buildSettings = {
				ASSETCATALOG_COMPILER_APPICON_NAME = AppIcon;
				ASSETCATALOG_COMPILER_GLOBAL_ACCENT_COLOR_NAME = AccentColor;
				CODE_SIGN_STYLE = Automatic;
				CURRENT_PROJECT_VERSION = 1;
				DEVELOPMENT_ASSET_PATHS = "\"enabled/Preview Content\"";
				ENABLE_PREVIEWS = YES;
				GENERATE_INFOPLIST_FILE = YES;
				INFOPLIST_KEY_UIApplicationSceneManifest_Generation = YES;
				INFOPLIST_KEY_UIApplicationSupportsIndirectInputEvents = YES;
				INFOPLIST_KEY_UILaunchScreen_Generation = YES;
				INFOPLIST_KEY_UISupportedInterfaceOrientations_iPad = "UIInterfaceOrientationPortrait UIInterfaceOrientationPortraitUpsideDown UIInterfaceOrientationLandscapeLeft UIInterfaceOrientationLandscapeRight";
				INFOPLIST_KEY_UISupportedInterfaceOrientations_iPhone = "UIInterfaceOrientationPortrait UIInterfaceOrientationLandscapeLeft UIInterfaceOrientationLandscapeRight";
				LD_RUNPATH_SEARCH_PATHS = (
					"$(inherited)",
					"@executable_path/Frameworks",
				);
				MARKETING_VERSION = 1.0;
				PRODUCT_BUNDLE_IDENTIFIER = com.SallyKing.enabled;
				PRODUCT_NAME = "$(TARGET_NAME)";
				SWIFT_EMIT_LOC_STRINGS = YES;
				SWIFT_VERSION = 5.0;
				TARGETED_DEVICE_FAMILY = "1,2";
			};
			name = Debug;
		};
		42FA02ED29E1D6A400473188 /* Release */ = {
			isa = XCBuildConfiguration;
			buildSettings = {
				ASSETCATALOG_COMPILER_APPICON_NAME = AppIcon;
				ASSETCATALOG_COMPILER_GLOBAL_ACCENT_COLOR_NAME = AccentColor;
				CODE_SIGN_STYLE = Automatic;
				CURRENT_PROJECT_VERSION = 1;
				DEVELOPMENT_ASSET_PATHS = "\"enabled/Preview Content\"";
				ENABLE_PREVIEWS = YES;
				GENERATE_INFOPLIST_FILE = YES;
				INFOPLIST_KEY_UIApplicationSceneManifest_Generation = YES;
				INFOPLIST_KEY_UIApplicationSupportsIndirectInputEvents = YES;
				INFOPLIST_KEY_UILaunchScreen_Generation = YES;
				INFOPLIST_KEY_UISupportedInterfaceOrientations_iPad = "UIInterfaceOrientationPortrait UIInterfaceOrientationPortraitUpsideDown UIInterfaceOrientationLandscapeLeft UIInterfaceOrientationLandscapeRight";
				INFOPLIST_KEY_UISupportedInterfaceOrientations_iPhone = "UIInterfaceOrientationPortrait UIInterfaceOrientationLandscapeLeft UIInterfaceOrientationLandscapeRight";
				LD_RUNPATH_SEARCH_PATHS = (
					"$(inherited)",
					"@executable_path/Frameworks",
				);
				MARKETING_VERSION = 1.0;
				PRODUCT_BUNDLE_IDENTIFIER = com.SallyKing.enabled;
				PRODUCT_NAME = "$(TARGET_NAME)";
				SWIFT_EMIT_LOC_STRINGS = YES;
				SWIFT_VERSION = 5.0;
				TARGETED_DEVICE_FAMILY = "1,2";
			};
			name = Release;
		};
		42FA02EF29E1D6A400473188 /* Debug */ = {
			isa = XCBuildConfiguration;
			buildSettings = {
				ALWAYS_EMBED_SWIFT_STANDARD_LIBRARIES = YES;
				BUNDLE_LOADER = "$(TEST_HOST)";
				CODE_SIGN_STYLE = Automatic;
				CURRENT_PROJECT_VERSION = 1;
				GENERATE_INFOPLIST_FILE = YES;
				IPHONEOS_DEPLOYMENT_TARGET = 16.2;
				MARKETING_VERSION = 1.0;
				PRODUCT_BUNDLE_IDENTIFIER = com.SallyKing.enabledTests;
				PRODUCT_NAME = "$(TARGET_NAME)";
				SWIFT_EMIT_LOC_STRINGS = NO;
				SWIFT_VERSION = 5.0;
				TARGETED_DEVICE_FAMILY = "1,2";
				TEST_HOST = "$(BUILT_PRODUCTS_DIR)/enabled.app/$(BUNDLE_EXECUTABLE_FOLDER_PATH)/enabled";
			};
			name = Debug;
		};
		42FA02F029E1D6A400473188 /* Release */ = {
			isa = XCBuildConfiguration;
			buildSettings = {
				ALWAYS_EMBED_SWIFT_STANDARD_LIBRARIES = YES;
				BUNDLE_LOADER = "$(TEST_HOST)";
				CODE_SIGN_STYLE = Automatic;
				CURRENT_PROJECT_VERSION = 1;
				GENERATE_INFOPLIST_FILE = YES;
				IPHONEOS_DEPLOYMENT_TARGET = 16.2;
				MARKETING_VERSION = 1.0;
				PRODUCT_BUNDLE_IDENTIFIER = com.SallyKing.enabledTests;
				PRODUCT_NAME = "$(TARGET_NAME)";
				SWIFT_EMIT_LOC_STRINGS = NO;
				SWIFT_VERSION = 5.0;
				TARGETED_DEVICE_FAMILY = "1,2";
				TEST_HOST = "$(BUILT_PRODUCTS_DIR)/enabled.app/$(BUNDLE_EXECUTABLE_FOLDER_PATH)/enabled";
			};
			name = Release;
		};
		42FA02F229E1D6A400473188 /* Debug */ = {
			isa = XCBuildConfiguration;
			buildSettings = {
				ALWAYS_EMBED_SWIFT_STANDARD_LIBRARIES = YES;
				CODE_SIGN_STYLE = Automatic;
				CURRENT_PROJECT_VERSION = 1;
				GENERATE_INFOPLIST_FILE = YES;
				MARKETING_VERSION = 1.0;
				PRODUCT_BUNDLE_IDENTIFIER = com.SallyKing.enabledUITests;
				PRODUCT_NAME = "$(TARGET_NAME)";
				SWIFT_EMIT_LOC_STRINGS = NO;
				SWIFT_VERSION = 5.0;
				TARGETED_DEVICE_FAMILY = "1,2";
				TEST_TARGET_NAME = enabled;
			};
			name = Debug;
		};
		42FA02F329E1D6A400473188 /* Release */ = {
			isa = XCBuildConfiguration;
			buildSettings = {
				ALWAYS_EMBED_SWIFT_STANDARD_LIBRARIES = YES;
				CODE_SIGN_STYLE = Automatic;
				CURRENT_PROJECT_VERSION = 1;
				GENERATE_INFOPLIST_FILE = YES;
				MARKETING_VERSION = 1.0;
				PRODUCT_BUNDLE_IDENTIFIER = com.SallyKing.enabledUITests;
				PRODUCT_NAME = "$(TARGET_NAME)";
				SWIFT_EMIT_LOC_STRINGS = NO;
				SWIFT_VERSION = 5.0;
				TARGETED_DEVICE_FAMILY = "1,2";
				TEST_TARGET_NAME = enabled;
			};
			name = Release;
		};
/* End XCBuildConfiguration section */

/* Begin XCConfigurationList section */
		42FA02C229E1D6A100473188 /* Build configuration list for PBXProject "enabled" */ = {
			isa = XCConfigurationList;
			buildConfigurations = (
				42FA02E929E1D6A400473188 /* Debug */,
				42FA02EA29E1D6A400473188 /* Release */,
			);
			defaultConfigurationIsVisible = 0;
			defaultConfigurationName = Release;
		};
		42FA02EB29E1D6A400473188 /* Build configuration list for PBXNativeTarget "enabled" */ = {
			isa = XCConfigurationList;
			buildConfigurations = (
				42FA02EC29E1D6A400473188 /* Debug */,
				42FA02ED29E1D6A400473188 /* Release */,
			);
			defaultConfigurationIsVisible = 0;
			defaultConfigurationName = Release;
		};
		42FA02EE29E1D6A400473188 /* Build configuration list for PBXNativeTarget "enabledTests" */ = {
			isa = XCConfigurationList;
			buildConfigurations = (
				42FA02EF29E1D6A400473188 /* Debug */,
				42FA02F029E1D6A400473188 /* Release */,
			);
			defaultConfigurationIsVisible = 0;
			defaultConfigurationName = Release;
		};
		42FA02F129E1D6A400473188 /* Build configuration list for PBXNativeTarget "enabledUITests" */ = {
			isa = XCConfigurationList;
			buildConfigurations = (
				42FA02F229E1D6A400473188 /* Debug */,
				42FA02F329E1D6A400473188 /* Release */,
			);
			defaultConfigurationIsVisible = 0;
			defaultConfigurationName = Release;
		};
/* End XCConfigurationList section */
	};
	rootObject = 42FA02BF29E1D6A100473188 /* Project object */;
}
